# This file is autogenerated, do not edit; changes may be undone by the next 'dep ensure'.


[[projects]]
  branch = "master"
  name = "github.com/ardanlabs/kit"
  packages = ["cfg","tcp"]
  revision = "17ca55af25aee0fa3f2e36ffd39351d5684ff571"

[[projects]]
  name = "github.com/pkg/errors"
  packages = ["."]
  revision = "645ef00459ed84a119197bfb8d8205042c6df63d"
  version = "v0.8.0"

[solve-meta]
  analyzer-name = "dep"
  analyzer-version = 1
  inputs-digest = "240d3ddd5a22885dc0b7dbfec79706b5c104bb40dc7bc7fd642c9928b5a6fbfc"
  solver-name = "gps-cdcl"
  solver-version = 1
